// !$*UTF8*$!
{
	archiveVersion = 1;
	classes = {
	};
	objectVersion = 77;
	objects = {

/* Begin PBXContainerItemProxy section */
		DBDFB2742DCB8CAB0006296B /* PBXContainerItemProxy */ = {
			isa = PBXContainerItemProxy;
			containerPortal = DBDFB25E2DCB8CAA0006296B /* Project object */;
			proxyType = 1;
			remoteGlobalIDString = DBDFB2652DCB8CAA0006296B;
			remoteInfo = iOSAITDemo;
		};
		DBDFB27E2DCB8CAB0006296B /* PBXContainerItemProxy */ = {
			isa = PBXContainerItemProxy;
			containerPortal = DBDFB25E2DCB8CAA0006296B /* Project object */;
			proxyType = 1;
			remoteGlobalIDString = DBDFB2652DCB8CAA0006296B;
			remoteInfo = iOSAITDemo;
		};
/* End PBXContainerItemProxy section */

/* Begin PBXFileReference section */
		DBDFB2662DCB8CAA0006296B /* iOSAITDemo.app */ = {isa = PBXFileReference; explicitFileType = wrapper.application; includeInIndex = 0; path = iOSAITDemo.app; sourceTree = BUILT_PRODUCTS_DIR; };
		DBDFB2732DCB8CAB0006296B /* iOSAITDemoTests.xctest */ = {isa = PBXFileReference; explicitFileType = wrapper.cfbundle; includeInIndex = 0; path = iOSAITDemoTests.xctest; sourceTree = BUILT_PRODUCTS_DIR; };
		DBDFB27D2DCB8CAB0006296B /* iOSAITDemoUITests.xctest */ = {isa = PBXFileReference; explicitFileType = wrapper.cfbundle; includeInIndex = 0; path = iOSAITDemoUITests.xctest; sourceTree = BUILT_PRODUCTS_DIR; };
/* End PBXFileReference section */

/* Begin PBXFileSystemSynchronizedRootGroup section */
		DBDFB2682DCB8CAA0006296B /* iOSAITDemo */ = {
			isa = PBXFileSystemSynchronizedRootGroup;
			path = iOSAITDemo;
			sourceTree = "<group>";
		};
		DBDFB2762DCB8CAB0006296B /* iOSAITDemoTests */ = {
			isa = PBXFileSystemSynchronizedRootGroup;
			path = iOSAITDemoTests;
			sourceTree = "<group>";
		};
		DBDFB2802DCB8CAB0006296B /* iOSAITDemoUITests */ = {
			isa = PBXFileSystemSynchronizedRootGroup;
			path = iOSAITDemoUITests;
			sourceTree = "<group>";
		};
/* End PBXFileSystemSynchronizedRootGroup section */

/* Begin PBXFrameworksBuildPhase section */
		DBDFB2632DCB8CAA0006296B /* Frameworks */ = {
			isa = PBXFrameworksBuildPhase;
			buildActionMask = 2147483647;
			files = (
			);
			runOnlyForDeploymentPostprocessing = 0;
		};
		DBDFB2702DCB8CAB0006296B /* Frameworks */ = {
			isa = PBXFrameworksBuildPhase;
			buildActionMask = 2147483647;
			files = (
			);
			runOnlyForDeploymentPostprocessing = 0;
		};
		DBDFB27A2DCB8CAB0006296B /* Frameworks */ = {
			isa = PBXFrameworksBuildPhase;
			buildActionMask = 2147483647;
			files = (
			);
			runOnlyForDeploymentPostprocessing = 0;
		};
/* End PBXFrameworksBuildPhase section */

/* Begin PBXGroup section */
		DBDFB25D2DCB8CAA0006296B = {
			isa = PBXGroup;
			children = (
				DBDFB2682DCB8CAA0006296B /* iOSAITDemo */,
				DBDFB2762DCB8CAB0006296B /* iOSAITDemoTests */,
				DBDFB2802DCB8CAB0006296B /* iOSAITDemoUITests */,
				DBDFB2672DCB8CAA0006296B /* Products */,
			);
			sourceTree = "<group>";
		};
		DBDFB2672DCB8CAA0006296B /* Products */ = {
			isa = PBXGroup;
			children = (
				DBDFB2662DCB8CAA0006296B /* iOSAITDemo.app */,
				DBDFB2732DCB8CAB0006296B /* iOSAITDemoTests.xctest */,
				DBDFB27D2DCB8CAB0006296B /* iOSAITDemoUITests.xctest */,
			);
			name = Products;
			sourceTree = "<group>";
		};
/* End PBXGroup section */

/* Begin PBXNativeTarget section */
		DBDFB2652DCB8CAA0006296B /* iOSAITDemo */ = {
			isa = PBXNativeTarget;
			buildConfigurationList = DBDFB2872DCB8CAB0006296B /* Build configuration list for PBXNativeTarget "iOSAITDemo" */;
			buildPhases = (
				DBDFB2622DCB8CAA0006296B /* Sources */,
				DBDFB2632DCB8CAA0006296B /* Frameworks */,
				DBDFB2642DCB8CAA0006296B /* Resources */,
			);
			buildRules = (
			);
			dependencies = (
			);
			fileSystemSynchronizedGroups = (
				DBDFB2682DCB8CAA0006296B /* iOSAITDemo */,
			);
			name = iOSAITDemo;
			packageProductDependencies = (
			);
			productName = iOSAITDemo;
			productReference = DBDFB2662DCB8CAA0006296B /* iOSAITDemo.app */;
			productType = "com.apple.product-type.application";
		};
		DBDFB2722DCB8CAB0006296B /* iOSAITDemoTests */ = {
			isa = PBXNativeTarget;
			buildConfigurationList = DBDFB28A2DCB8CAB0006296B /* Build configuration list for PBXNativeTarget "iOSAITDemoTests" */;
			buildPhases = (
				DBDFB26F2DCB8CAB0006296B /* Sources */,
				DBDFB2702DCB8CAB0006296B /* Frameworks */,
				DBDFB2712DCB8CAB0006296B /* Resources */,
			);
			buildRules = (
			);
			dependencies = (
				DBDFB2752DCB8CAB0006296B /* PBXTargetDependency */,
			);
			fileSystemSynchronizedGroups = (
				DBDFB2762DCB8CAB0006296B /* iOSAITDemoTests */,
			);
			name = iOSAITDemoTests;
			packageProductDependencies = (
			);
			productName = iOSAITDemoTests;
			productReference = DBDFB2732DCB8CAB0006296B /* iOSAITDemoTests.xctest */;
			productType = "com.apple.product-type.bundle.unit-test";
		};
		DBDFB27C2DCB8CAB0006296B /* iOSAITDemoUITests */ = {
			isa = PBXNativeTarget;
			buildConfigurationList = DBDFB28D2DCB8CAB0006296B /* Build configuration list for PBXNativeTarget "iOSAITDemoUITests" */;
			buildPhases = (
				DBDFB2792DCB8CAB0006296B /* Sources */,
				DBDFB27A2DCB8CAB0006296B /* Frameworks */,
				DBDFB27B2DCB8CAB0006296B /* Resources */,
			);
			buildRules = (
			);
			dependencies = (
				DBDFB27F2DCB8CAB0006296B /* PBXTargetDependency */,
			);
			fileSystemSynchronizedGroups = (
				DBDFB2802DCB8CAB0006296B /* iOSAITDemoUITests */,
			);
			name = iOSAITDemoUITests;
			packageProductDependencies = (
			);
			productName = iOSAITDemoUITests;
			productReference = DBDFB27D2DCB8CAB0006296B /* iOSAITDemoUITests.xctest */;
			productType = "com.apple.product-type.bundle.ui-testing";
		};
/* End PBXNativeTarget section */

/* Begin PBXProject section */
		DBDFB25E2DCB8CAA0006296B /* Project object */ = {
			isa = PBXProject;
			attributes = {
				BuildIndependentTargetsInParallel = 1;
				LastSwiftUpdateCheck = 1630;
				LastUpgradeCheck = 1630;
				TargetAttributes = {
					DBDFB2652DCB8CAA0006296B = {
						CreatedOnToolsVersion = 16.3;
					};
					DBDFB2722DCB8CAB0006296B = {
						CreatedOnToolsVersion = 16.3;
						TestTargetID = DBDFB2652DCB8CAA0006296B;
					};
					DBDFB27C2DCB8CAB0006296B = {
						CreatedOnToolsVersion = 16.3;
						TestTargetID = DBDFB2652DCB8CAA0006296B;
					};
				};
			};
			buildConfigurationList = DBDFB2612DCB8CAA0006296B /* Build configuration list for PBXProject "iOSAITDemo" */;
			developmentRegion = en;
			hasScannedForEncodings = 0;
			knownRegions = (
				en,
				Base,
			);
			mainGroup = DBDFB25D2DCB8CAA0006296B;
			minimizedProjectReferenceProxies = 1;
			preferredProjectObjectVersion = 77;
			productRefGroup = DBDFB2672DCB8CAA0006296B /* Products */;
			projectDirPath = "";
			projectRoot = "";
			targets = (
				DBDFB2652DCB8CAA0006296B /* iOSAITDemo */,
				DBDFB2722DCB8CAB0006296B /* iOSAITDemoTests */,
				DBDFB27C2DCB8CAB0006296B /* iOSAITDemoUITests */,
			);
		};
/* End PBXProject section */

/* Begin PBXResourcesBuildPhase section */
		DBDFB2642DCB8CAA0006296B /* Resources */ = {
			isa = PBXResourcesBuildPhase;
			buildActionMask = 2147483647;
			files = (
			);
			runOnlyForDeploymentPostprocessing = 0;
		};
		DBDFB2712DCB8CAB0006296B /* Resources */ = {
			isa = PBXResourcesBuildPhase;
			buildActionMask = 2147483647;
			files = (
			);
			runOnlyForDeploymentPostprocessing = 0;
		};
		DBDFB27B2DCB8CAB0006296B /* Resources */ = {
			isa = PBXResourcesBuildPhase;
			buildActionMask = 2147483647;
			files = (
			);
			runOnlyForDeploymentPostprocessing = 0;
		};
/* End PBXResourcesBuildPhase section */

/* Begin PBXSourcesBuildPhase section */
		DBDFB2622DCB8CAA0006296B /* Sources */ = {
			isa = PBXSourcesBuildPhase;
			buildActionMask = 2147483647;
			files = (
			);
			runOnlyForDeploymentPostprocessing = 0;
		};
		DBDFB26F2DCB8CAB0006296B /* Sources */ = {
			isa = PBXSourcesBuildPhase;
			buildActionMask = 2147483647;
			files = (
			);
			runOnlyForDeploymentPostprocessing = 0;
		};
		DBDFB2792DCB8CAB0006296B /* Sources */ = {
			isa = PBXSourcesBuildPhase;
			buildActionMask = 2147483647;
			files = (
			);
			runOnlyForDeploymentPostprocessing = 0;
		};
/* End PBXSourcesBuildPhase section */

/* Begin PBXTargetDependency section */
		DBDFB2752DCB8CAB0006296B /* PBXTargetDependency */ = {
			isa = PBXTargetDependency;
			target = DBDFB2652DCB8CAA0006296B /* iOSAITDemo */;
			targetProxy = DBDFB2742DCB8CAB0006296B /* PBXContainerItemProxy */;
		};
		DBDFB27F2DCB8CAB0006296B /* PBXTargetDependency */ = {
			isa = PBXTargetDependency;
			target = DBDFB2652DCB8CAA0006296B /* iOSAITDemo */;
			targetProxy = DBDFB27E2DCB8CAB0006296B /* PBXContainerItemProxy */;
		};
/* End PBXTargetDependency section */

/* Begin XCBuildConfiguration section */
		DBDFB2852DCB8CAB0006296B /* Debug */ = {
			isa = XCBuildConfiguration;
			buildSettings = {
				ALWAYS_SEARCH_USER_PATHS = NO;
				ASSETCATALOG_COMPILER_GENERATE_SWIFT_ASSET_SYMBOL_EXTENSIONS = YES;
				CLANG_ANALYZER_NONNULL = YES;
				CLANG_ANALYZER_NUMBER_OBJECT_CONVERSION = YES_AGGRESSIVE;
				CLANG_CXX_LANGUAGE_STANDARD = "gnu++20";
				CLANG_ENABLE_MODULES = YES;
				CLANG_ENABLE_OBJC_ARC = YES;
				CLANG_ENABLE_OBJC_WEAK = YES;
				CLANG_WARN_BLOCK_CAPTURE_AUTORELEASING = YES;
				CLANG_WARN_BOOL_CONVERSION = YES;
				CLANG_WARN_COMMA = YES;
				CLANG_WARN_CONSTANT_CONVERSION = YES;
				CLANG_WARN_DEPRECATED_OBJC_IMPLEMENTATIONS = YES;
				CLANG_WARN_DIRECT_OBJC_ISA_USAGE = YES_ERROR;
				CLANG_WARN_DOCUMENTATION_COMMENTS = YES;
				CLANG_WARN_EMPTY_BODY = YES;
				CLANG_WARN_ENUM_CONVERSION = YES;
				CLANG_WARN_INFINITE_RECURSION = YES;
				CLANG_WARN_INT_CONVERSION = YES;
				CLANG_WARN_NON_LITERAL_NULL_CONVERSION = YES;
				CLANG_WARN_OBJC_IMPLICIT_RETAIN_SELF = YES;
				CLANG_WARN_OBJC_LITERAL_CONVERSION = YES;
				CLANG_WARN_OBJC_ROOT_CLASS = YES_ERROR;
				CLANG_WARN_QUOTED_INCLUDE_IN_FRAMEWORK_HEADER = YES;
				CLANG_WARN_RANGE_LOOP_ANALYSIS = YES;
				CLANG_WARN_STRICT_PROTOTYPES = YES;
				CLANG_WARN_SUSPICIOUS_MOVE = YES;
				CLANG_WARN_UNGUARDED_AVAILABILITY = YES_AGGRESSIVE;
				CLANG_WARN_UNREACHABLE_CODE = YES;
				CLANG_WARN__DUPLICATE_METHOD_MATCH = YES;
				COPY_PHASE_STRIP = NO;
				DEBUG_INFORMATION_FORMAT = dwarf;
				ENABLE_STRICT_OBJC_MSGSEND = YES;
				ENABLE_TESTABILITY = YES;
				ENABLE_USER_SCRIPT_SANDBOXING = YES;
				GCC_C_LANGUAGE_STANDARD = gnu17;
				GCC_DYNAMIC_NO_PIC = NO;
				GCC_NO_COMMON_BLOCKS = YES;
				GCC_OPTIMIZATION_LEVEL = 0;
				GCC_PREPROCESSOR_DEFINITIONS = (
					"DEBUG=1",
					"$(inherited)",
				);
				GCC_WARN_64_TO_32_BIT_CONVERSION = YES;
				GCC_WARN_ABOUT_RETURN_TYPE = YES_ERROR;
				GCC_WARN_UNDECLARED_SELECTOR = YES;
				GCC_WARN_UNINITIALIZED_AUTOS = YES_AGGRESSIVE;
				GCC_WARN_UNUSED_FUNCTION = YES;
				GCC_WARN_UNUSED_VARIABLE = YES;
				IPHONEOS_DEPLOYMENT_TARGET = 18.4;
				LOCALIZATION_PREFERS_STRING_CATALOGS = YES;
				MTL_ENABLE_DEBUG_INFO = INCLUDE_SOURCE;
				MTL_FAST_MATH = YES;
				ONLY_ACTIVE_ARCH = YES;
				SDKROOT = iphoneos;
				SWIFT_ACTIVE_COMPILATION_CONDITIONS = "DEBUG $(inherited)";
				SWIFT_OPTIMIZATION_LEVEL = "-Onone";
			};
			name = Debug;
		};
		DBDFB2862DCB8CAB0006296B /* Release */ = {
			isa = XCBuildConfiguration;
			buildSettings = {
				ALWAYS_SEARCH_USER_PATHS = NO;
				ASSETCATALOG_COMPILER_GENERATE_SWIFT_ASSET_SYMBOL_EXTENSIONS = YES;
				CLANG_ANALYZER_NONNULL = YES;
				CLANG_ANALYZER_NUMBER_OBJECT_CONVERSION = YES_AGGRESSIVE;
				CLANG_CXX_LANGUAGE_STANDARD = "gnu++20";
				CLANG_ENABLE_MODULES = YES;
				CLANG_ENABLE_OBJC_ARC = YES;
				CLANG_ENABLE_OBJC_WEAK = YES;
				CLANG_WARN_BLOCK_CAPTURE_AUTORELEASING = YES;
				CLANG_WARN_BOOL_CONVERSION = YES;
				CLANG_WARN_COMMA = YES;
				CLANG_WARN_CONSTANT_CONVERSION = YES;
				CLANG_WARN_DEPRECATED_OBJC_IMPLEMENTATIONS = YES;
				CLANG_WARN_DIRECT_OBJC_ISA_USAGE = YES_ERROR;
				CLANG_WARN_DOCUMENTATION_COMMENTS = YES;
				CLANG_WARN_EMPTY_BODY = YES;
				CLANG_WARN_ENUM_CONVERSION = YES;
				CLANG_WARN_INFINITE_RECURSION = YES;
				CLANG_WARN_INT_CONVERSION = YES;
				CLANG_WARN_NON_LITERAL_NULL_CONVERSION = YES;
				CLANG_WARN_OBJC_IMPLICIT_RETAIN_SELF = YES;
				CLANG_WARN_OBJC_LITERAL_CONVERSION = YES;
				CLANG_WARN_OBJC_ROOT_CLASS = YES_ERROR;
				CLANG_WARN_QUOTED_INCLUDE_IN_FRAMEWORK_HEADER = YES;
				CLANG_WARN_RANGE_LOOP_ANALYSIS = YES;
				CLANG_WARN_STRICT_PROTOTYPES = YES;
				CLANG_WARN_SUSPICIOUS_MOVE = YES;
				CLANG_WARN_UNGUARDED_AVAILABILITY = YES_AGGRESSIVE;
				CLANG_WARN_UNREACHABLE_CODE = YES;
				CLANG_WARN__DUPLICATE_METHOD_MATCH = YES;
				COPY_PHASE_STRIP = NO;
				DEBUG_INFORMATION_FORMAT = "dwarf-with-dsym";
				ENABLE_NS_ASSERTIONS = NO;
				ENABLE_STRICT_OBJC_MSGSEND = YES;
				ENABLE_USER_SCRIPT_SANDBOXING = YES;
				GCC_C_LANGUAGE_STANDARD = gnu17;
				GCC_NO_COMMON_BLOCKS = YES;
				GCC_WARN_64_TO_32_BIT_CONVERSION = YES;
				GCC_WARN_ABOUT_RETURN_TYPE = YES_ERROR;
				GCC_WARN_UNDECLARED_SELECTOR = YES;
				GCC_WARN_UNINITIALIZED_AUTOS = YES_AGGRESSIVE;
				GCC_WARN_UNUSED_FUNCTION = YES;
				GCC_WARN_UNUSED_VARIABLE = YES;
				IPHONEOS_DEPLOYMENT_TARGET = 18.4;
				LOCALIZATION_PREFERS_STRING_CATALOGS = YES;
				MTL_ENABLE_DEBUG_INFO = NO;
				MTL_FAST_MATH = YES;
				SDKROOT = iphoneos;
				SWIFT_COMPILATION_MODE = wholemodule;
				VALIDATE_PRODUCT = YES;
			};
			name = Release;
		};
		DBDFB2882DCB8CAB0006296B /* Debug */ = {
			isa = XCBuildConfiguration;
			buildSettings = {
				ASSETCATALOG_COMPILER_APPICON_NAME = AppIcon;
				ASSETCATALOG_COMPILER_GLOBAL_ACCENT_COLOR_NAME = AccentColor;
				CODE_SIGN_STYLE = Automatic;
				CURRENT_PROJECT_VERSION = 1;
				ENABLE_PREVIEWS = YES;
				GENERATE_INFOPLIST_FILE = YES;
				INFOPLIST_KEY_UIApplicationSceneManifest_Generation = YES;
				INFOPLIST_KEY_UIApplicationSupportsIndirectInputEvents = YES;
				INFOPLIST_KEY_UILaunchScreen_Generation = YES;
				INFOPLIST_KEY_UISupportedInterfaceOrientations_iPad = "UIInterfaceOrientationPortrait UIInterfaceOrientationPortraitUpsideDown UIInterfaceOrientationLandscapeLeft UIInterfaceOrientationLandscapeRight";
				INFOPLIST_KEY_UISupportedInterfaceOrientations_iPhone = "UIInterfaceOrientationPortrait UIInterfaceOrientationLandscapeLeft UIInterfaceOrientationLandscapeRight";
				LD_RUNPATH_SEARCH_PATHS = (
					"$(inherited)",
					"@executable_path/Frameworks",
				);
				MARKETING_VERSION = 1.0;
				PRODUCT_BUNDLE_IDENTIFIER = hu.ait.aittodo.iOSAITDemo;
				PRODUCT_NAME = "$(TARGET_NAME)";
				SWIFT_EMIT_LOC_STRINGS = YES;
				SWIFT_VERSION = 5.0;
				TARGETED_DEVICE_FAMILY = "1,2";
			};
			name = Debug;
		};
		DBDFB2892DCB8CAB0006296B /* Release */ = {
			isa = XCBuildConfiguration;
			buildSettings = {
				ASSETCATALOG_COMPILER_APPICON_NAME = AppIcon;
				ASSETCATALOG_COMPILER_GLOBAL_ACCENT_COLOR_NAME = AccentColor;
				CODE_SIGN_STYLE = Automatic;
				CURRENT_PROJECT_VERSION = 1;
				ENABLE_PREVIEWS = YES;
				GENERATE_INFOPLIST_FILE = YES;
				INFOPLIST_KEY_UIApplicationSceneManifest_Generation = YES;
				INFOPLIST_KEY_UIApplicationSupportsIndirectInputEvents = YES;
				INFOPLIST_KEY_UILaunchScreen_Generation = YES;
				INFOPLIST_KEY_UISupportedInterfaceOrientations_iPad = "UIInterfaceOrientationPortrait UIInterfaceOrientationPortraitUpsideDown UIInterfaceOrientationLandscapeLeft UIInterfaceOrientationLandscapeRight";
				INFOPLIST_KEY_UISupportedInterfaceOrientations_iPhone = "UIInterfaceOrientationPortrait UIInterfaceOrientationLandscapeLeft UIInterfaceOrientationLandscapeRight";
				LD_RUNPATH_SEARCH_PATHS = (
					"$(inherited)",
					"@executable_path/Frameworks",
				);
				MARKETING_VERSION = 1.0;
				PRODUCT_BUNDLE_IDENTIFIER = hu.ait.aittodo.iOSAITDemo;
				PRODUCT_NAME = "$(TARGET_NAME)";
				SWIFT_EMIT_LOC_STRINGS = YES;
				SWIFT_VERSION = 5.0;
				TARGETED_DEVICE_FAMILY = "1,2";
			};
			name = Release;
		};
		DBDFB28B2DCB8CAB0006296B /* Debug */ = {
			isa = XCBuildConfiguration;
			buildSettings = {
				BUNDLE_LOADER = "$(TEST_HOST)";
				CODE_SIGN_STYLE = Automatic;
				CURRENT_PROJECT_VERSION = 1;
				GENERATE_INFOPLIST_FILE = YES;
				IPHONEOS_DEPLOYMENT_TARGET = 18.4;
				MARKETING_VERSION = 1.0;
				PRODUCT_BUNDLE_IDENTIFIER = hu.ait.aittodo.iOSAITDemoTests;
				PRODUCT_NAME = "$(TARGET_NAME)";
				SWIFT_EMIT_LOC_STRINGS = NO;
				SWIFT_VERSION = 5.0;
				TARGETED_DEVICE_FAMILY = "1,2";
				TEST_HOST = "$(BUILT_PRODUCTS_DIR)/iOSAITDemo.app/$(BUNDLE_EXECUTABLE_FOLDER_PATH)/iOSAITDemo";
			};
			name = Debug;
		};
		DBDFB28C2DCB8CAB0006296B /* Release */ = {
			isa = XCBuildConfiguration;
			buildSettings = {
				BUNDLE_LOADER = "$(TEST_HOST)";
				CODE_SIGN_STYLE = Automatic;
				CURRENT_PROJECT_VERSION = 1;
				GENERATE_INFOPLIST_FILE = YES;
				IPHONEOS_DEPLOYMENT_TARGET = 18.4;
				MARKETING_VERSION = 1.0;
				PRODUCT_BUNDLE_IDENTIFIER = hu.ait.aittodo.iOSAITDemoTests;
				PRODUCT_NAME = "$(TARGET_NAME)";
				SWIFT_EMIT_LOC_STRINGS = NO;
				SWIFT_VERSION = 5.0;
				TARGETED_DEVICE_FAMILY = "1,2";
				TEST_HOST = "$(BUILT_PRODUCTS_DIR)/iOSAITDemo.app/$(BUNDLE_EXECUTABLE_FOLDER_PATH)/iOSAITDemo";
			};
			name = Release;
		};
		DBDFB28E2DCB8CAB0006296B /* Debug */ = {
			isa = XCBuildConfiguration;
			buildSettings = {
				CODE_SIGN_STYLE = Automatic;
				CURRENT_PROJECT_VERSION = 1;
				GENERATE_INFOPLIST_FILE = YES;
				MARKETING_VERSION = 1.0;
				PRODUCT_BUNDLE_IDENTIFIER = hu.ait.aittodo.iOSAITDemoUITests;
				PRODUCT_NAME = "$(TARGET_NAME)";
				SWIFT_EMIT_LOC_STRINGS = NO;
				SWIFT_VERSION = 5.0;
				TARGETED_DEVICE_FAMILY = "1,2";
				TEST_TARGET_NAME = iOSAITDemo;
			};
			name = Debug;
		};
		DBDFB28F2DCB8CAB0006296B /* Release */ = {
			isa = XCBuildConfiguration;
			buildSettings = {
				CODE_SIGN_STYLE = Automatic;
				CURRENT_PROJECT_VERSION = 1;
				GENERATE_INFOPLIST_FILE = YES;
				MARKETING_VERSION = 1.0;
				PRODUCT_BUNDLE_IDENTIFIER = hu.ait.aittodo.iOSAITDemoUITests;
				PRODUCT_NAME = "$(TARGET_NAME)";
				SWIFT_EMIT_LOC_STRINGS = NO;
				SWIFT_VERSION = 5.0;
				TARGETED_DEVICE_FAMILY = "1,2";
				TEST_TARGET_NAME = iOSAITDemo;
			};
			name = Release;
		};
/* End XCBuildConfiguration section */

/* Begin XCConfigurationList section */
		DBDFB2612DCB8CAA0006296B /* Build configuration list for PBXProject "iOSAITDemo" */ = {
			isa = XCConfigurationList;
			buildConfigurations = (
				DBDFB2852DCB8CAB0006296B /* Debug */,
				DBDFB2862DCB8CAB0006296B /* Release */,
			);
			defaultConfigurationIsVisible = 0;
			defaultConfigurationName = Release;
		};
		DBDFB2872DCB8CAB0006296B /* Build configuration list for PBXNativeTarget "iOSAITDemo" */ = {
			isa = XCConfigurationList;
			buildConfigurations = (
				DBDFB2882DCB8CAB0006296B /* Debug */,
				DBDFB2892DCB8CAB0006296B /* Release */,
			);
			defaultConfigurationIsVisible = 0;
			defaultConfigurationName = Release;
		};
		DBDFB28A2DCB8CAB0006296B /* Build configuration list for PBXNativeTarget "iOSAITDemoTests" */ = {
			isa = XCConfigurationList;
			buildConfigurations = (
				DBDFB28B2DCB8CAB0006296B /* Debug */,
				DBDFB28C2DCB8CAB0006296B /* Release */,
			);
			defaultConfigurationIsVisible = 0;
			defaultConfigurationName = Release;
		};
		DBDFB28D2DCB8CAB0006296B /* Build configuration list for PBXNativeTarget "iOSAITDemoUITests" */ = {
			isa = XCConfigurationList;
			buildConfigurations = (
				DBDFB28E2DCB8CAB0006296B /* Debug */,
				DBDFB28F2DCB8CAB0006296B /* Release */,
			);
			defaultConfigurationIsVisible = 0;
			defaultConfigurationName = Release;
		};
/* End XCConfigurationList section */
	};
	rootObject = DBDFB25E2DCB8CAA0006296B /* Project object */;
}
